
Microsoft Visual Studio Solution File, Format Version 12.00
# Visual Studio Version 16
VisualStudioVersion = 16.0.30717.126
MinimumVisualStudioVersion = 10.0.40219.1
Project("{FAE04EC0-301F-11D3-BF4B-00C04F79EFBC}") = "WebApplicationOrders", "WebApplicationOrders.csproj", "{4CDD3E61-3DFE-4471-9573-88796F70ACF7}"
EndProject
Global
	GlobalSection(SolutionConfigurationPlatforms) = preSolution
		Debug|Any CPU = Debug|Any CPU
		Release|Any CPU = Release|Any CPU
	EndGlobalSection
	GlobalSection(ProjectConfigurationPlatforms) = postSolution
		{4CDD3E61-3DFE-4471-9573-88796F70ACF7}.Debug|Any CPU.ActiveCfg = Debug|Any CPU
		{4CDD3E61-3DFE-4471-9573-88796F70ACF7}.Debug|Any CPU.Build.0 = Debug|Any CPU
		{4CDD3E61-3DFE-4471-9573-88796F70ACF7}.Release|Any CPU.ActiveCfg = Release|Any CPU
		{4CDD3E61-3DFE-4471-9573-88796F70ACF7}.Release|Any CPU.Build.0 = Release|Any CPU
	EndGlobalSection
	GlobalSection(SolutionProperties) = preSolution
		HideSolutionNode = FALSE
	EndGlobalSection
	GlobalSection(ExtensibilityGlobals) = postSolution
		SolutionGuid = {B9CC2272-6394-4AE2-A8FB-D8A611C9E56B}
	EndGlobalSection
EndGlobal
